
Microsoft Visual Studio Solution File, Format Version 12.00
# Visual Studio Version 16
VisualStudioVersion = 16.0.29920.165
MinimumVisualStudioVersion = 10.0.40219.1
Project("{FAE04EC0-301F-11D3-BF4B-00C04F79EFBC}") = "cw2", "cw2\cw2.csproj", "{91AE20E0-C723-4C9D-9AB3-20A0743FB637}"
EndProject
Global
	GlobalSection(SolutionConfigurationPlatforms) = preSolution
		Debug|Any CPU = Debug|Any CPU
		Release|Any CPU = Release|Any CPU
	EndGlobalSection
	GlobalSection(ProjectConfigurationPlatforms) = postSolution
		{91AE20E0-C723-4C9D-9AB3-20A0743FB637}.Debug|Any CPU.ActiveCfg = Debug|Any CPU
		{91AE20E0-C723-4C9D-9AB3-20A0743FB637}.Debug|Any CPU.Build.0 = Debug|Any CPU
		{91AE20E0-C723-4C9D-9AB3-20A0743FB637}.Release|Any CPU.ActiveCfg = Release|Any CPU
		{91AE20E0-C723-4C9D-9AB3-20A0743FB637}.Release|Any CPU.Build.0 = Release|Any CPU
	EndGlobalSection
	GlobalSection(SolutionProperties) = preSolution
		HideSolutionNode = FALSE
	EndGlobalSection
	GlobalSection(ExtensibilityGlobals) = postSolution
		SolutionGuid = {6A9A7BAE-03B3-4BAA-A4F5-AE1E5F9F8EB4}
	EndGlobalSection
EndGlobal
